Microsoft Visual Studio Solution File, Format Version 12.00
# Visual Studio Version 17
VisualStudioVersion = 17.5.2.0
MinimumVisualStudioVersion = 10.0.40219.1
Project("{FAE04EC0-301F-11D3-BF4B-00C04F79EFBC}") = "cs1400-fall-2024-lab-1-numeric-computation-in-c-Lab1-Numeric-Computation", "cs1400-fall-2024-lab-1-numeric-computation-in-c-Lab1-Numeric-Computation.csproj", "{DC2E0500-F444-A09C-9C46-9A2348601411}"
EndProject
Global
	GlobalSection(SolutionConfigurationPlatforms) = preSolution
		Debug|Any CPU = Debug|Any CPU
		Release|Any CPU = Release|Any CPU
	EndGlobalSection
	GlobalSection(ProjectConfigurationPlatforms) = postSolution
		{DC2E0500-F444-A09C-9C46-9A2348601411}.Debug|Any CPU.ActiveCfg = Debug|Any CPU
		{DC2E0500-F444-A09C-9C46-9A2348601411}.Debug|Any CPU.Build.0 = Debug|Any CPU
		{DC2E0500-F444-A09C-9C46-9A2348601411}.Release|Any CPU.ActiveCfg = Release|Any CPU
		{DC2E0500-F444-A09C-9C46-9A2348601411}.Release|Any CPU.Build.0 = Release|Any CPU
	EndGlobalSection
	GlobalSection(SolutionProperties) = preSolution
		HideSolutionNode = FALSE
	EndGlobalSection
	GlobalSection(ExtensibilityGlobals) = postSolution
		SolutionGuid = {FB926C6B-2108-4F18-82C7-2479F9FA1BB8}
	EndGlobalSection
EndGlobal
